{
  "name": "tt-calculator-app",
  "lockfileVersion": 3,
  "requires": true,
  "packages": {
    "": {
      "dependencies": {
        "remixicon": "^4.6.0"
      }
    },
    "node_modules/remixicon": {
      "version": "4.6.0",
      "resolved": "https://artifacts.corp.zoom.us:443/artifactory/api/npm/zoom-npm-virtual/remixicon/-/remixicon-4.6.0.tgz",
      "integrity": "sha512-bKM5odjqE1yzVxEZGJE7F79WHhNrJFIKHXR+GG+P1IWXn8AnJZhl8SbIRDJsNAvIqx4VPkNwjuHfc42tutMDpQ==",
      "license": "Apache-2.0"
    }
  }
}
